
Microsoft Visual Studio Solution File, Format Version 12.00
# Visual Studio 15
VisualStudioVersion = 15.0.28307.645
MinimumVisualStudioVersion = 10.0.40219.1
Project("{FAE04EC0-301F-11D3-BF4B-00C04F79EFBC}") = "MovieSearchApi", "MovieSearchApi\MovieSearchApi.csproj", "{5C28C54B-B875-4BE9-91CF-1E0CBEFB15DE}"
EndProject
Global
	GlobalSection(SolutionConfigurationPlatforms) = preSolution
		Debug|Any CPU = Debug|Any CPU
		Release|Any CPU = Release|Any CPU
	EndGlobalSection
	GlobalSection(ProjectConfigurationPlatforms) = postSolution
		{5C28C54B-B875-4BE9-91CF-1E0CBEFB15DE}.Debug|Any CPU.ActiveCfg = Debug|Any CPU
		{5C28C54B-B875-4BE9-91CF-1E0CBEFB15DE}.Debug|Any CPU.Build.0 = Debug|Any CPU
		{5C28C54B-B875-4BE9-91CF-1E0CBEFB15DE}.Release|Any CPU.ActiveCfg = Release|Any CPU
		{5C28C54B-B875-4BE9-91CF-1E0CBEFB15DE}.Release|Any CPU.Build.0 = Release|Any CPU
	EndGlobalSection
	GlobalSection(SolutionProperties) = preSolution
		HideSolutionNode = FALSE
	EndGlobalSection
	GlobalSection(ExtensibilityGlobals) = postSolution
		SolutionGuid = {56E79CFF-B692-4214-8BDE-8FAB3E4BC998}
	EndGlobalSection
EndGlobal
